
Microsoft Visual Studio Solution File, Format Version 12.00
# Visual Studio Version 16
VisualStudioVersion = 16.0.31229.75
MinimumVisualStudioVersion = 10.0.40219.1
Project("{9A19103F-16F7-4668-BE54-9A1E7A4F7556}") = "WebApp2_BlazorServer", "WebApp2_BlazorServer\WebApp2_BlazorServer.csproj", "{3861385C-5962-44DC-BCCE-D0128447CB2A}"
EndProject
Global
	GlobalSection(SolutionConfigurationPlatforms) = preSolution
		Debug|Any CPU = Debug|Any CPU
		Release|Any CPU = Release|Any CPU
	EndGlobalSection
	GlobalSection(ProjectConfigurationPlatforms) = postSolution
		{3861385C-5962-44DC-BCCE-D0128447CB2A}.Debug|Any CPU.ActiveCfg = Debug|Any CPU
		{3861385C-5962-44DC-BCCE-D0128447CB2A}.Debug|Any CPU.Build.0 = Debug|Any CPU
		{3861385C-5962-44DC-BCCE-D0128447CB2A}.Release|Any CPU.ActiveCfg = Release|Any CPU
		{3861385C-5962-44DC-BCCE-D0128447CB2A}.Release|Any CPU.Build.0 = Release|Any CPU
	EndGlobalSection
	GlobalSection(SolutionProperties) = preSolution
		HideSolutionNode = FALSE
	EndGlobalSection
	GlobalSection(ExtensibilityGlobals) = postSolution
		SolutionGuid = {2005B87D-1754-4C40-9D25-59F4FD48B018}
	EndGlobalSection
EndGlobal
